
Microsoft Visual Studio Solution File, Format Version 12.00
# Visual Studio Version 17
VisualStudioVersion = 17.14.36301.6
MinimumVisualStudioVersion = 10.0.40219.1
Project("{9A19103F-16F7-4668-BE54-9A1E7A4F7556}") = "VendasMvc", "VendasMvc.csproj", "{72E943A4-D263-400C-A570-BB3F749C7566}"
EndProject
Global
	GlobalSection(SolutionConfigurationPlatforms) = preSolution
		Debug|Any CPU = Debug|Any CPU
		Release|Any CPU = Release|Any CPU
	EndGlobalSection
	GlobalSection(ProjectConfigurationPlatforms) = postSolution
		{72E943A4-D263-400C-A570-BB3F749C7566}.Debug|Any CPU.ActiveCfg = Debug|Any CPU
		{72E943A4-D263-400C-A570-BB3F749C7566}.Debug|Any CPU.Build.0 = Debug|Any CPU
		{72E943A4-D263-400C-A570-BB3F749C7566}.Release|Any CPU.ActiveCfg = Release|Any CPU
		{72E943A4-D263-400C-A570-BB3F749C7566}.Release|Any CPU.Build.0 = Release|Any CPU
	EndGlobalSection
	GlobalSection(SolutionProperties) = preSolution
		HideSolutionNode = FALSE
	EndGlobalSection
	GlobalSection(ExtensibilityGlobals) = postSolution
		SolutionGuid = {52D28C44-7DDF-477F-8AD0-2CB3FCC059B7}
	EndGlobalSection
EndGlobal
